// !$*UTF8*$!
{
	archiveVersion = 1;
	classes = {
	};
	objectVersion = 46;
	objects = {

/* Begin PBXBuildFile section */
		1819F5C6D7F6F4250134DCCF /* Pods_mobile_inbox.framework in Frameworks */ = {isa = PBXBuildFile; fileRef = 166383F19DD754F4C643149C /* Pods_mobile_inbox.framework */; };
		849E3C061F22731300116DF7 /* RestProtocol.swift in Sources */ = {isa = PBXBuildFile; fileRef = 849E3C051F22731300116DF7 /* RestProtocol.swift */; };
		84CC2ACC1F2267BB00D2BA89 /* AppDelegate.swift in Sources */ = {isa = PBXBuildFile; fileRef = 84CC2ACB1F2267BB00D2BA89 /* AppDelegate.swift */; };
		84CC2ACE1F2267BB00D2BA89 /* ViewController.swift in Sources */ = {isa = PBXBuildFile; fileRef = 84CC2ACD1F2267BB00D2BA89 /* ViewController.swift */; };
		84CC2AD11F2267BB00D2BA89 /* Main.storyboard in Resources */ = {isa = PBXBuildFile; fileRef = 84CC2ACF1F2267BB00D2BA89 /* Main.storyboard */; };
		84CC2AD31F2267BB00D2BA89 /* Assets.xcassets in Resources */ = {isa = PBXBuildFile; fileRef = 84CC2AD21F2267BB00D2BA89 /* Assets.xcassets */; };
		84CC2AD61F2267BB00D2BA89 /* LaunchScreen.storyboard in Resources */ = {isa = PBXBuildFile; fileRef = 84CC2AD41F2267BB00D2BA89 /* LaunchScreen.storyboard */; };
		84CC2AE11F2267BB00D2BA89 /* mobile_inboxTests.swift in Sources */ = {isa = PBXBuildFile; fileRef = 84CC2AE01F2267BB00D2BA89 /* mobile_inboxTests.swift */; };
		84CC2AEC1F2267BB00D2BA89 /* mobile_inboxUITests.swift in Sources */ = {isa = PBXBuildFile; fileRef = 84CC2AEB1F2267BB00D2BA89 /* mobile_inboxUITests.swift */; };
/* End PBXBuildFile section */

/* Begin PBXContainerItemProxy section */
		84CC2ADD1F2267BB00D2BA89 /* PBXContainerItemProxy */ = {
			isa = PBXContainerItemProxy;
			containerPortal = 84CC2AC01F2267BB00D2BA89 /* Project object */;
			proxyType = 1;
			remoteGlobalIDString = 84CC2AC71F2267BB00D2BA89;
			remoteInfo = "mobile-inbox";
		};
		84CC2AE81F2267BB00D2BA89 /* PBXContainerItemProxy */ = {
			isa = PBXContainerItemProxy;
			containerPortal = 84CC2AC01F2267BB00D2BA89 /* Project object */;
			proxyType = 1;
			remoteGlobalIDString = 84CC2AC71F2267BB00D2BA89;
			remoteInfo = "mobile-inbox";
		};
/* End PBXContainerItemProxy section */

/* Begin PBXFileReference section */
		13192274EAFFA54DAF72BBAC /* Pods-mobile-inbox.debug.xcconfig */ = {isa = PBXFileReference; includeInIndex = 1; lastKnownFileType = text.xcconfig; name = "Pods-mobile-inbox.debug.xcconfig"; path = "Pods/Target Support Files/Pods-mobile-inbox/Pods-mobile-inbox.debug.xcconfig"; sourceTree = "<group>"; };
		166383F19DD754F4C643149C /* Pods_mobile_inbox.framework */ = {isa = PBXFileReference; explicitFileType = wrapper.framework; includeInIndex = 0; path = Pods_mobile_inbox.framework; sourceTree = BUILT_PRODUCTS_DIR; };
		19CA5104C4DF6E6A794E2FB8 /* Pods-mobile-inbox.release.xcconfig */ = {isa = PBXFileReference; includeInIndex = 1; lastKnownFileType = text.xcconfig; name = "Pods-mobile-inbox.release.xcconfig"; path = "Pods/Target Support Files/Pods-mobile-inbox/Pods-mobile-inbox.release.xcconfig"; sourceTree = "<group>"; };
		849E3C051F22731300116DF7 /* RestProtocol.swift */ = {isa = PBXFileReference; fileEncoding = 4; lastKnownFileType = sourcecode.swift; name = RestProtocol.swift; path = OpenIAM/Sources/RestProtocol.swift; sourceTree = "<group>"; };
		84CC2AC81F2267BB00D2BA89 /* mobile-inbox.app */ = {isa = PBXFileReference; explicitFileType = wrapper.application; includeInIndex = 0; path = "mobile-inbox.app"; sourceTree = BUILT_PRODUCTS_DIR; };
		84CC2ACB1F2267BB00D2BA89 /* AppDelegate.swift */ = {isa = PBXFileReference; lastKnownFileType = sourcecode.swift; path = AppDelegate.swift; sourceTree = "<group>"; };
		84CC2ACD1F2267BB00D2BA89 /* ViewController.swift */ = {isa = PBXFileReference; lastKnownFileType = sourcecode.swift; path = ViewController.swift; sourceTree = "<group>"; };
		84CC2AD01F2267BB00D2BA89 /* Base */ = {isa = PBXFileReference; lastKnownFileType = file.storyboard; name = Base; path = Base.lproj/Main.storyboard; sourceTree = "<group>"; };
		84CC2AD21F2267BB00D2BA89 /* Assets.xcassets */ = {isa = PBXFileReference; lastKnownFileType = folder.assetcatalog; path = Assets.xcassets; sourceTree = "<group>"; };
		84CC2AD51F2267BB00D2BA89 /* Base */ = {isa = PBXFileReference; lastKnownFileType = file.storyboard; name = Base; path = Base.lproj/LaunchScreen.storyboard; sourceTree = "<group>"; };
		84CC2AD71F2267BB00D2BA89 /* Info.plist */ = {isa = PBXFileReference; lastKnownFileType = text.plist.xml; path = Info.plist; sourceTree = "<group>"; };
		84CC2ADC1F2267BB00D2BA89 /* mobile-inboxTests.xctest */ = {isa = PBXFileReference; explicitFileType = wrapper.cfbundle; includeInIndex = 0; path = "mobile-inboxTests.xctest"; sourceTree = BUILT_PRODUCTS_DIR; };
		84CC2AE01F2267BB00D2BA89 /* mobile_inboxTests.swift */ = {isa = PBXFileReference; lastKnownFileType = sourcecode.swift; path = mobile_inboxTests.swift; sourceTree = "<group>"; };
		84CC2AE21F2267BB00D2BA89 /* Info.plist */ = {isa = PBXFileReference; lastKnownFileType = text.plist.xml; path = Info.plist; sourceTree = "<group>"; };
		84CC2AE71F2267BB00D2BA89 /* mobile-inboxUITests.xctest */ = {isa = PBXFileReference; explicitFileType = wrapper.cfbundle; includeInIndex = 0; path = "mobile-inboxUITests.xctest"; sourceTree = BUILT_PRODUCTS_DIR; };
		84CC2AEB1F2267BB00D2BA89 /* mobile_inboxUITests.swift */ = {isa = PBXFileReference; lastKnownFileType = sourcecode.swift; path = mobile_inboxUITests.swift; sourceTree = "<group>"; };
		84CC2AED1F2267BB00D2BA89 /* Info.plist */ = {isa = PBXFileReference; lastKnownFileType = text.plist.xml; path = Info.plist; sourceTree = "<group>"; };
/* End PBXFileReference section */

/* Begin PBXFrameworksBuildPhase section */
		84CC2AC51F2267BB00D2BA89 /* Frameworks */ = {
			isa = PBXFrameworksBuildPhase;
			buildActionMask = 2147483647;
			files = (
				1819F5C6D7F6F4250134DCCF /* Pods_mobile_inbox.framework in Frameworks */,
			);
			runOnlyForDeploymentPostprocessing = 0;
		};
		84CC2AD91F2267BB00D2BA89 /* Frameworks */ = {
			isa = PBXFrameworksBuildPhase;
			buildActionMask = 2147483647;
			files = (
			);
			runOnlyForDeploymentPostprocessing = 0;
		};
		84CC2AE41F2267BB00D2BA89 /* Frameworks */ = {
			isa = PBXFrameworksBuildPhase;
			buildActionMask = 2147483647;
			files = (
			);
			runOnlyForDeploymentPostprocessing = 0;
		};
/* End PBXFrameworksBuildPhase section */

/* Begin PBXGroup section */
		837EB7CD6FC6C96D33257A3B /* Frameworks */ = {
			isa = PBXGroup;
			children = (
				166383F19DD754F4C643149C /* Pods_mobile_inbox.framework */,
			);
			name = Frameworks;
			sourceTree = "<group>";
		};
		849E3C021F2272B900116DF7 /* Auth */ = {
			isa = PBXGroup;
			children = (
				849E3C051F22731300116DF7 /* RestProtocol.swift */,
			);
			name = Auth;
			sourceTree = "<group>";
		};
		84CC2ABF1F2267BB00D2BA89 = {
			isa = PBXGroup;
			children = (
				84CC2ACA1F2267BB00D2BA89 /* mobile-inbox */,
				84CC2ADF1F2267BB00D2BA89 /* mobile-inboxTests */,
				84CC2AEA1F2267BB00D2BA89 /* mobile-inboxUITests */,
				84CC2AC91F2267BB00D2BA89 /* Products */,
				FB71F43FDB436001CECEEB0C /* Pods */,
				837EB7CD6FC6C96D33257A3B /* Frameworks */,
			);
			sourceTree = "<group>";
		};
		84CC2AC91F2267BB00D2BA89 /* Products */ = {
			isa = PBXGroup;
			children = (
				84CC2AC81F2267BB00D2BA89 /* mobile-inbox.app */,
				84CC2ADC1F2267BB00D2BA89 /* mobile-inboxTests.xctest */,
				84CC2AE71F2267BB00D2BA89 /* mobile-inboxUITests.xctest */,
			);
			name = Products;
			sourceTree = "<group>";
		};
		84CC2ACA1F2267BB00D2BA89 /* mobile-inbox */ = {
			isa = PBXGroup;
			children = (
				849E3C021F2272B900116DF7 /* Auth */,
				84CC2ACB1F2267BB00D2BA89 /* AppDelegate.swift */,
				84CC2ACD1F2267BB00D2BA89 /* ViewController.swift */,
				84CC2ACF1F2267BB00D2BA89 /* Main.storyboard */,
				84CC2AD21F2267BB00D2BA89 /* Assets.xcassets */,
				84CC2AD41F2267BB00D2BA89 /* LaunchScreen.storyboard */,
				84CC2AD71F2267BB00D2BA89 /* Info.plist */,
			);
			path = "mobile-inbox";
			sourceTree = "<group>";
		};
		84CC2ADF1F2267BB00D2BA89 /* mobile-inboxTests */ = {
			isa = PBXGroup;
			children = (
				84CC2AE01F2267BB00D2BA89 /* mobile_inboxTests.swift */,
				84CC2AE21F2267BB00D2BA89 /* Info.plist */,
			);
			path = "mobile-inboxTests";
			sourceTree = "<group>";
		};
		84CC2AEA1F2267BB00D2BA89 /* mobile-inboxUITests */ = {
			isa = PBXGroup;
			children = (
				84CC2AEB1F2267BB00D2BA89 /* mobile_inboxUITests.swift */,
				84CC2AED1F2267BB00D2BA89 /* Info.plist */,
			);
			path = "mobile-inboxUITests";
			sourceTree = "<group>";
		};
		FB71F43FDB436001CECEEB0C /* Pods */ = {
			isa = PBXGroup;
			children = (
				13192274EAFFA54DAF72BBAC /* Pods-mobile-inbox.debug.xcconfig */,
				19CA5104C4DF6E6A794E2FB8 /* Pods-mobile-inbox.release.xcconfig */,
			);
			name = Pods;
			sourceTree = "<group>";
		};
/* End PBXGroup section */

/* Begin PBXNativeTarget section */
		84CC2AC71F2267BB00D2BA89 /* mobile-inbox */ = {
			isa = PBXNativeTarget;
			buildConfigurationList = 84CC2AF01F2267BB00D2BA89 /* Build configuration list for PBXNativeTarget "mobile-inbox" */;
			buildPhases = (
				238C2CFE1D0CA7BF8D91D744 /* [CP] Check Pods Manifest.lock */,
				84CC2AC41F2267BB00D2BA89 /* Sources */,
				84CC2AC51F2267BB00D2BA89 /* Frameworks */,
				84CC2AC61F2267BB00D2BA89 /* Resources */,
				B2C3222731A3DCDA13CCB5A3 /* [CP] Embed Pods Frameworks */,
				D3ADF839ADA2FB31BB3CDD5A /* [CP] Copy Pods Resources */,
			);
			buildRules = (
			);
			dependencies = (
			);
			name = "mobile-inbox";
			productName = "mobile-inbox";
			productReference = 84CC2AC81F2267BB00D2BA89 /* mobile-inbox.app */;
			productType = "com.apple.product-type.application";
		};
		84CC2ADB1F2267BB00D2BA89 /* mobile-inboxTests */ = {
			isa = PBXNativeTarget;
			buildConfigurationList = 84CC2AF31F2267BB00D2BA89 /* Build configuration list for PBXNativeTarget "mobile-inboxTests" */;
			buildPhases = (
				84CC2AD81F2267BB00D2BA89 /* Sources */,
				84CC2AD91F2267BB00D2BA89 /* Frameworks */,
				84CC2ADA1F2267BB00D2BA89 /* Resources */,
			);
			buildRules = (
			);
			dependencies = (
				84CC2ADE1F2267BB00D2BA89 /* PBXTargetDependency */,
			);
			name = "mobile-inboxTests";
			productName = "mobile-inboxTests";
			productReference = 84CC2ADC1F2267BB00D2BA89 /* mobile-inboxTests.xctest */;
			productType = "com.apple.product-type.bundle.unit-test";
		};
		84CC2AE61F2267BB00D2BA89 /* mobile-inboxUITests */ = {
			isa = PBXNativeTarget;
			buildConfigurationList = 84CC2AF61F2267BB00D2BA89 /* Build configuration list for PBXNativeTarget "mobile-inboxUITests" */;
			buildPhases = (
				84CC2AE31F2267BB00D2BA89 /* Sources */,
				84CC2AE41F2267BB00D2BA89 /* Frameworks */,
				84CC2AE51F2267BB00D2BA89 /* Resources */,
			);
			buildRules = (
			);
			dependencies = (
				84CC2AE91F2267BB00D2BA89 /* PBXTargetDependency */,
			);
			name = "mobile-inboxUITests";
			productName = "mobile-inboxUITests";
			productReference = 84CC2AE71F2267BB00D2BA89 /* mobile-inboxUITests.xctest */;
			productType = "com.apple.product-type.bundle.ui-testing";
		};
/* End PBXNativeTarget section */

/* Begin PBXProject section */
		84CC2AC01F2267BB00D2BA89 /* Project object */ = {
			isa = PBXProject;
			attributes = {
				LastSwiftUpdateCheck = 0830;
				LastUpgradeCheck = 0830;
				ORGANIZATIONNAME = "Egor Lord";
				TargetAttributes = {
					84CC2AC71F2267BB00D2BA89 = {
						CreatedOnToolsVersion = 8.3.2;
						ProvisioningStyle = Automatic;
					};
					84CC2ADB1F2267BB00D2BA89 = {
						CreatedOnToolsVersion = 8.3.2;
						ProvisioningStyle = Automatic;
						TestTargetID = 84CC2AC71F2267BB00D2BA89;
					};
					84CC2AE61F2267BB00D2BA89 = {
						CreatedOnToolsVersion = 8.3.2;
						ProvisioningStyle = Automatic;
						TestTargetID = 84CC2AC71F2267BB00D2BA89;
					};
				};
			};
			buildConfigurationList = 84CC2AC31F2267BB00D2BA89 /* Build configuration list for PBXProject "mobile-inbox" */;
			compatibilityVersion = "Xcode 3.2";
			developmentRegion = English;
			hasScannedForEncodings = 0;
			knownRegions = (
				en,
				Base,
			);
			mainGroup = 84CC2ABF1F2267BB00D2BA89;
			productRefGroup = 84CC2AC91F2267BB00D2BA89 /* Products */;
			projectDirPath = "";
			projectRoot = "";
			targets = (
				84CC2AC71F2267BB00D2BA89 /* mobile-inbox */,
				84CC2ADB1F2267BB00D2BA89 /* mobile-inboxTests */,
				84CC2AE61F2267BB00D2BA89 /* mobile-inboxUITests */,
			);
		};
/* End PBXProject section */

/* Begin PBXResourcesBuildPhase section */
		84CC2AC61F2267BB00D2BA89 /* Resources */ = {
			isa = PBXResourcesBuildPhase;
			buildActionMask = 2147483647;
			files = (
				84CC2AD61F2267BB00D2BA89 /* LaunchScreen.storyboard in Resources */,
				84CC2AD31F2267BB00D2BA89 /* Assets.xcassets in Resources */,
				84CC2AD11F2267BB00D2BA89 /* Main.storyboard in Resources */,
			);
			runOnlyForDeploymentPostprocessing = 0;
		};
		84CC2ADA1F2267BB00D2BA89 /* Resources */ = {
			isa = PBXResourcesBuildPhase;
			buildActionMask = 2147483647;
			files = (
			);
			runOnlyForDeploymentPostprocessing = 0;
		};
		84CC2AE51F2267BB00D2BA89 /* Resources */ = {
			isa = PBXResourcesBuildPhase;
			buildActionMask = 2147483647;
			files = (
			);
			runOnlyForDeploymentPostprocessing = 0;
		};
/* End PBXResourcesBuildPhase section */

/* Begin PBXShellScriptBuildPhase section */
		238C2CFE1D0CA7BF8D91D744 /* [CP] Check Pods Manifest.lock */ = {
			isa = PBXShellScriptBuildPhase;
			buildActionMask = 2147483647;
			files = (
			);
			inputPaths = (
			);
			name = "[CP] Check Pods Manifest.lock";
			outputPaths = (
			);
			runOnlyForDeploymentPostprocessing = 0;
			shellPath = /bin/sh;
			shellScript = "diff \"${PODS_PODFILE_DIR_PATH}/Podfile.lock\" \"${PODS_ROOT}/Manifest.lock\" > /dev/null\nif [ $? != 0 ] ; then\n    # print error to STDERR\n    echo \"error: The sandbox is not in sync with the Podfile.lock. Run 'pod install' or update your CocoaPods installation.\" >&2\n    exit 1\nfi\n";
			showEnvVarsInLog = 0;
		};
		B2C3222731A3DCDA13CCB5A3 /* [CP] Embed Pods Frameworks */ = {
			isa = PBXShellScriptBuildPhase;
			buildActionMask = 2147483647;
			files = (
			);
			inputPaths = (
			);
			name = "[CP] Embed Pods Frameworks";
			outputPaths = (
			);
			runOnlyForDeploymentPostprocessing = 0;
			shellPath = /bin/sh;
			shellScript = "\"${SRCROOT}/Pods/Target Support Files/Pods-mobile-inbox/Pods-mobile-inbox-frameworks.sh\"\n";
			showEnvVarsInLog = 0;
		};
		D3ADF839ADA2FB31BB3CDD5A /* [CP] Copy Pods Resources */ = {
			isa = PBXShellScriptBuildPhase;
			buildActionMask = 2147483647;
			files = (
			);
			inputPaths = (
			);
			name = "[CP] Copy Pods Resources";
			outputPaths = (
			);
			runOnlyForDeploymentPostprocessing = 0;
			shellPath = /bin/sh;
			shellScript = "\"${SRCROOT}/Pods/Target Support Files/Pods-mobile-inbox/Pods-mobile-inbox-resources.sh\"\n";
			showEnvVarsInLog = 0;
		};
/* End PBXShellScriptBuildPhase section */

/* Begin PBXSourcesBuildPhase section */
		84CC2AC41F2267BB00D2BA89 /* Sources */ = {
			isa = PBXSourcesBuildPhase;
			buildActionMask = 2147483647;
			files = (
				849E3C061F22731300116DF7 /* RestProtocol.swift in Sources */,
				84CC2ACE1F2267BB00D2BA89 /* ViewController.swift in Sources */,
				84CC2ACC1F2267BB00D2BA89 /* AppDelegate.swift in Sources */,
			);
			runOnlyForDeploymentPostprocessing = 0;
		};
		84CC2AD81F2267BB00D2BA89 /* Sources */ = {
			isa = PBXSourcesBuildPhase;
			buildActionMask = 2147483647;
			files = (
				84CC2AE11F2267BB00D2BA89 /* mobile_inboxTests.swift in Sources */,
			);
			runOnlyForDeploymentPostprocessing = 0;
		};
		84CC2AE31F2267BB00D2BA89 /* Sources */ = {
			isa = PBXSourcesBuildPhase;
			buildActionMask = 2147483647;
			files = (
				84CC2AEC1F2267BB00D2BA89 /* mobile_inboxUITests.swift in Sources */,
			);
			runOnlyForDeploymentPostprocessing = 0;
		};
/* End PBXSourcesBuildPhase section */

/* Begin PBXTargetDependency section */
		84CC2ADE1F2267BB00D2BA89 /* PBXTargetDependency */ = {
			isa = PBXTargetDependency;
			target = 84CC2AC71F2267BB00D2BA89 /* mobile-inbox */;
			targetProxy = 84CC2ADD1F2267BB00D2BA89 /* PBXContainerItemProxy */;
		};
		84CC2AE91F2267BB00D2BA89 /* PBXTargetDependency */ = {
			isa = PBXTargetDependency;
			target = 84CC2AC71F2267BB00D2BA89 /* mobile-inbox */;
			targetProxy = 84CC2AE81F2267BB00D2BA89 /* PBXContainerItemProxy */;
		};
/* End PBXTargetDependency section */

/* Begin PBXVariantGroup section */
		84CC2ACF1F2267BB00D2BA89 /* Main.storyboard */ = {
			isa = PBXVariantGroup;
			children = (
				84CC2AD01F2267BB00D2BA89 /* Base */,
			);
			name = Main.storyboard;
			sourceTree = "<group>";
		};
		84CC2AD41F2267BB00D2BA89 /* LaunchScreen.storyboard */ = {
			isa = PBXVariantGroup;
			children = (
				84CC2AD51F2267BB00D2BA89 /* Base */,
			);
			name = LaunchScreen.storyboard;
			sourceTree = "<group>";
		};
/* End PBXVariantGroup section */

/* Begin XCBuildConfiguration section */
		84CC2AEE1F2267BB00D2BA89 /* Debug */ = {
			isa = XCBuildConfiguration;
			buildSettings = {
				ALWAYS_SEARCH_USER_PATHS = NO;
				CLANG_ANALYZER_NONNULL = YES;
				CLANG_ANALYZER_NUMBER_OBJECT_CONVERSION = YES_AGGRESSIVE;
				CLANG_CXX_LANGUAGE_STANDARD = "gnu++0x";
				CLANG_CXX_LIBRARY = "libc++";
				CLANG_ENABLE_MODULES = YES;
				CLANG_ENABLE_OBJC_ARC = YES;
				CLANG_WARN_BOOL_CONVERSION = YES;
				CLANG_WARN_CONSTANT_CONVERSION = YES;
				CLANG_WARN_DIRECT_OBJC_ISA_USAGE = YES_ERROR;
				CLANG_WARN_DOCUMENTATION_COMMENTS = YES;
				CLANG_WARN_EMPTY_BODY = YES;
				CLANG_WARN_ENUM_CONVERSION = YES;
				CLANG_WARN_INFINITE_RECURSION = YES;
				CLANG_WARN_INT_CONVERSION = YES;
				CLANG_WARN_OBJC_ROOT_CLASS = YES_ERROR;
				CLANG_WARN_SUSPICIOUS_MOVE = YES;
				CLANG_WARN_UNREACHABLE_CODE = YES;
				CLANG_WARN__DUPLICATE_METHOD_MATCH = YES;
				"CODE_SIGN_IDENTITY[sdk=iphoneos*]" = "iPhone Developer";
				COPY_PHASE_STRIP = NO;
				DEBUG_INFORMATION_FORMAT = dwarf;
				ENABLE_STRICT_OBJC_MSGSEND = YES;
				ENABLE_TESTABILITY = YES;
				GCC_C_LANGUAGE_STANDARD = gnu99;
				GCC_DYNAMIC_NO_PIC = NO;
				GCC_NO_COMMON_BLOCKS = YES;
				GCC_OPTIMIZATION_LEVEL = 0;
				GCC_PREPROCESSOR_DEFINITIONS = (
					"DEBUG=1",
					"$(inherited)",
				);
				GCC_WARN_64_TO_32_BIT_CONVERSION = YES;
				GCC_WARN_ABOUT_RETURN_TYPE = YES_ERROR;
				GCC_WARN_UNDECLARED_SELECTOR = YES;
				GCC_WARN_UNINITIALIZED_AUTOS = YES_AGGRESSIVE;
				GCC_WARN_UNUSED_FUNCTION = YES;
				GCC_WARN_UNUSED_VARIABLE = YES;
				IPHONEOS_DEPLOYMENT_TARGET = 10.3;
				MTL_ENABLE_DEBUG_INFO = YES;
				ONLY_ACTIVE_ARCH = YES;
				SDKROOT = iphoneos;
				SWIFT_ACTIVE_COMPILATION_CONDITIONS = DEBUG;
				SWIFT_OPTIMIZATION_LEVEL = "-Onone";
				TARGETED_DEVICE_FAMILY = "1,2";
			};
			name = Debug;
		};
		84CC2AEF1F2267BB00D2BA89 /* Release */ = {
			isa = XCBuildConfiguration;
			buildSettings = {
				ALWAYS_SEARCH_USER_PATHS = NO;
				CLANG_ANALYZER_NONNULL = YES;
				CLANG_ANALYZER_NUMBER_OBJECT_CONVERSION = YES_AGGRESSIVE;
				CLANG_CXX_LANGUAGE_STANDARD = "gnu++0x";
				CLANG_CXX_LIBRARY = "libc++";
				CLANG_ENABLE_MODULES = YES;
				CLANG_ENABLE_OBJC_ARC = YES;
				CLANG_WARN_BOOL_CONVERSION = YES;
				CLANG_WARN_CONSTANT_CONVERSION = YES;
				CLANG_WARN_DIRECT_OBJC_ISA_USAGE = YES_ERROR;
				CLANG_WARN_DOCUMENTATION_COMMENTS = YES;
				CLANG_WARN_EMPTY_BODY = YES;
				CLANG_WARN_ENUM_CONVERSION = YES;
				CLANG_WARN_INFINITE_RECURSION = YES;
				CLANG_WARN_INT_CONVERSION = YES;
				CLANG_WARN_OBJC_ROOT_CLASS = YES_ERROR;
				CLANG_WARN_SUSPICIOUS_MOVE = YES;
				CLANG_WARN_UNREACHABLE_CODE = YES;
				CLANG_WARN__DUPLICATE_METHOD_MATCH = YES;
				"CODE_SIGN_IDENTITY[sdk=iphoneos*]" = "iPhone Developer";
				COPY_PHASE_STRIP = NO;
				DEBUG_INFORMATION_FORMAT = "dwarf-with-dsym";
				ENABLE_NS_ASSERTIONS = NO;
				ENABLE_STRICT_OBJC_MSGSEND = YES;
				GCC_C_LANGUAGE_STANDARD = gnu99;
				GCC_NO_COMMON_BLOCKS = YES;
				GCC_WARN_64_TO_32_BIT_CONVERSION = YES;
				GCC_WARN_ABOUT_RETURN_TYPE = YES_ERROR;
				GCC_WARN_UNDECLARED_SELECTOR = YES;
				GCC_WARN_UNINITIALIZED_AUTOS = YES_AGGRESSIVE;
				GCC_WARN_UNUSED_FUNCTION = YES;
				GCC_WARN_UNUSED_VARIABLE = YES;
				IPHONEOS_DEPLOYMENT_TARGET = 10.3;
				MTL_ENABLE_DEBUG_INFO = NO;
				SDKROOT = iphoneos;
				SWIFT_OPTIMIZATION_LEVEL = "-Owholemodule";
				TARGETED_DEVICE_FAMILY = "1,2";
				VALIDATE_PRODUCT = YES;
			};
			name = Release;
		};
		84CC2AF11F2267BB00D2BA89 /* Debug */ = {
			isa = XCBuildConfiguration;
			baseConfigurationReference = 13192274EAFFA54DAF72BBAC /* Pods-mobile-inbox.debug.xcconfig */;
			buildSettings = {
				ASSETCATALOG_COMPILER_APPICON_NAME = AppIcon;
				INFOPLIST_FILE = "mobile-inbox/Info.plist";
				LD_RUNPATH_SEARCH_PATHS = "$(inherited) @executable_path/Frameworks";
				PRODUCT_BUNDLE_IDENTIFIER = "OpenIAM.mobile-inbox";
				PRODUCT_NAME = "$(TARGET_NAME)";
				SWIFT_VERSION = 3.0;
			};
			name = Debug;
		};
		84CC2AF21F2267BB00D2BA89 /* Release */ = {
			isa = XCBuildConfiguration;
			baseConfigurationReference = 19CA5104C4DF6E6A794E2FB8 /* Pods-mobile-inbox.release.xcconfig */;
			buildSettings = {
				ASSETCATALOG_COMPILER_APPICON_NAME = AppIcon;
				INFOPLIST_FILE = "mobile-inbox/Info.plist";
				LD_RUNPATH_SEARCH_PATHS = "$(inherited) @executable_path/Frameworks";
				PRODUCT_BUNDLE_IDENTIFIER = "OpenIAM.mobile-inbox";
				PRODUCT_NAME = "$(TARGET_NAME)";
				SWIFT_VERSION = 3.0;
			};
			name = Release;
		};
		84CC2AF41F2267BB00D2BA89 /* Debug */ = {
			isa = XCBuildConfiguration;
			buildSettings = {
				ALWAYS_EMBED_SWIFT_STANDARD_LIBRARIES = YES;
				BUNDLE_LOADER = "$(TEST_HOST)";
				INFOPLIST_FILE = "mobile-inboxTests/Info.plist";
				LD_RUNPATH_SEARCH_PATHS = "$(inherited) @executable_path/Frameworks @loader_path/Frameworks";
				PRODUCT_BUNDLE_IDENTIFIER = "OpenIAM.mobile-inboxTests";
				PRODUCT_NAME = "$(TARGET_NAME)";
				SWIFT_VERSION = 3.0;
				TEST_HOST = "$(BUILT_PRODUCTS_DIR)/mobile-inbox.app/mobile-inbox";
			};
			name = Debug;
		};
		84CC2AF51F2267BB00D2BA89 /* Release */ = {
			isa = XCBuildConfiguration;
			buildSettings = {
				ALWAYS_EMBED_SWIFT_STANDARD_LIBRARIES = YES;
				BUNDLE_LOADER = "$(TEST_HOST)";
				INFOPLIST_FILE = "mobile-inboxTests/Info.plist";
				LD_RUNPATH_SEARCH_PATHS = "$(inherited) @executable_path/Frameworks @loader_path/Frameworks";
				PRODUCT_BUNDLE_IDENTIFIER = "OpenIAM.mobile-inboxTests";
				PRODUCT_NAME = "$(TARGET_NAME)";
				SWIFT_VERSION = 3.0;
				TEST_HOST = "$(BUILT_PRODUCTS_DIR)/mobile-inbox.app/mobile-inbox";
			};
			name = Release;
		};
		84CC2AF71F2267BB00D2BA89 /* Debug */ = {
			isa = XCBuildConfiguration;
			buildSettings = {
				ALWAYS_EMBED_SWIFT_STANDARD_LIBRARIES = YES;
				INFOPLIST_FILE = "mobile-inboxUITests/Info.plist";
				LD_RUNPATH_SEARCH_PATHS = "$(inherited) @executable_path/Frameworks @loader_path/Frameworks";
				PRODUCT_BUNDLE_IDENTIFIER = "OpenIAM.mobile-inboxUITests";
				PRODUCT_NAME = "$(TARGET_NAME)";
				SWIFT_VERSION = 3.0;
				TEST_TARGET_NAME = "mobile-inbox";
			};
			name = Debug;
		};
		84CC2AF81F2267BB00D2BA89 /* Release */ = {
			isa = XCBuildConfiguration;
			buildSettings = {
				ALWAYS_EMBED_SWIFT_STANDARD_LIBRARIES = YES;
				INFOPLIST_FILE = "mobile-inboxUITests/Info.plist";
				LD_RUNPATH_SEARCH_PATHS = "$(inherited) @executable_path/Frameworks @loader_path/Frameworks";
				PRODUCT_BUNDLE_IDENTIFIER = "OpenIAM.mobile-inboxUITests";
				PRODUCT_NAME = "$(TARGET_NAME)";
				SWIFT_VERSION = 3.0;
				TEST_TARGET_NAME = "mobile-inbox";
			};
			name = Release;
		};
/* End XCBuildConfiguration section */

/* Begin XCConfigurationList section */
		84CC2AC31F2267BB00D2BA89 /* Build configuration list for PBXProject "mobile-inbox" */ = {
			isa = XCConfigurationList;
			buildConfigurations = (
				84CC2AEE1F2267BB00D2BA89 /* Debug */,
				84CC2AEF1F2267BB00D2BA89 /* Release */,
			);
			defaultConfigurationIsVisible = 0;
			defaultConfigurationName = Release;
		};
		84CC2AF01F2267BB00D2BA89 /* Build configuration list for PBXNativeTarget "mobile-inbox" */ = {
			isa = XCConfigurationList;
			buildConfigurations = (
				84CC2AF11F2267BB00D2BA89 /* Debug */,
				84CC2AF21F2267BB00D2BA89 /* Release */,
			);
			defaultConfigurationIsVisible = 0;
			defaultConfigurationName = Release;
		};
		84CC2AF31F2267BB00D2BA89 /* Build configuration list for PBXNativeTarget "mobile-inboxTests" */ = {
			isa = XCConfigurationList;
			buildConfigurations = (
				84CC2AF41F2267BB00D2BA89 /* Debug */,
				84CC2AF51F2267BB00D2BA89 /* Release */,
			);
			defaultConfigurationIsVisible = 0;
			defaultConfigurationName = Release;
		};
		84CC2AF61F2267BB00D2BA89 /* Build configuration list for PBXNativeTarget "mobile-inboxUITests" */ = {
			isa = XCConfigurationList;
			buildConfigurations = (
				84CC2AF71F2267BB00D2BA89 /* Debug */,
				84CC2AF81F2267BB00D2BA89 /* Release */,
			);
			defaultConfigurationIsVisible = 0;
			defaultConfigurationName = Release;
		};
/* End XCConfigurationList section */
	};
	rootObject = 84CC2AC01F2267BB00D2BA89 /* Project object */;
}
